# This file is automatically @generated by Cargo.
# It is not intended for manual editing.
[[package]]
name = "sflyn"
version = "0.0.1"
dependencies = [
 "sflyn_compiler",
 "sflyn_parser",
]

[[package]]
name = "sflyn_compiler"
version = "0.0.1"
dependencies = [
 "sflyn_parser",
]

[[package]]
name = "sflyn_parser"
version = "0.0.1"

[[package]]
name = "sflyn_tests"
version = "0.0.1"
dependencies = [
 "sflyn_parser",
]
